
Microsoft Visual Studio Solution File, Format Version 12.00
# Visual Studio Version 16
VisualStudioVersion = 16.0.31410.357
MinimumVisualStudioVersion = 10.0.40219.1
Project("{9A19103F-16F7-4668-BE54-9A1E7A4F7556}") = "OpenEMRApplication", "OpenEMRApplication\OpenEMRApplication.csproj", "{E20A9C5C-5705-432F-A451-1D92C113A385}"
EndProject
Project("{9A19103F-16F7-4668-BE54-9A1E7A4F7556}") = "AutomationWrapper", "AutomationWrapper\AutomationWrapper.csproj", "{B8BDA8FB-1CB6-4FCA-944B-9B819AD201E1}"
EndProject
Project("{9A19103F-16F7-4668-BE54-9A1E7A4F7556}") = "MagentoApplication", "MagentoApplication\MagentoApplication.csproj", "{1196A83F-3774-4339-BBD8-3E372990B5CA}"
EndProject
Project("{FAE04EC0-301F-11D3-BF4B-00C04F79EFBC}") = "IkeaApplication", "IkeaApplication\IkeaApplication.csproj", "{3393FA8E-1EAA-4161-8A11-83DEF8C7D0CF}"
EndProject
Global
	GlobalSection(SolutionConfigurationPlatforms) = preSolution
		Debug|Any CPU = Debug|Any CPU
		Release|Any CPU = Release|Any CPU
	EndGlobalSection
	GlobalSection(ProjectConfigurationPlatforms) = postSolution
		{E20A9C5C-5705-432F-A451-1D92C113A385}.Debug|Any CPU.ActiveCfg = Debug|Any CPU
		{E20A9C5C-5705-432F-A451-1D92C113A385}.Debug|Any CPU.Build.0 = Debug|Any CPU
		{E20A9C5C-5705-432F-A451-1D92C113A385}.Release|Any CPU.ActiveCfg = Release|Any CPU
		{E20A9C5C-5705-432F-A451-1D92C113A385}.Release|Any CPU.Build.0 = Release|Any CPU
		{B8BDA8FB-1CB6-4FCA-944B-9B819AD201E1}.Debug|Any CPU.ActiveCfg = Debug|Any CPU
		{B8BDA8FB-1CB6-4FCA-944B-9B819AD201E1}.Debug|Any CPU.Build.0 = Debug|Any CPU
		{B8BDA8FB-1CB6-4FCA-944B-9B819AD201E1}.Release|Any CPU.ActiveCfg = Release|Any CPU
		{B8BDA8FB-1CB6-4FCA-944B-9B819AD201E1}.Release|Any CPU.Build.0 = Release|Any CPU
		{1196A83F-3774-4339-BBD8-3E372990B5CA}.Debug|Any CPU.ActiveCfg = Debug|Any CPU
		{1196A83F-3774-4339-BBD8-3E372990B5CA}.Debug|Any CPU.Build.0 = Debug|Any CPU
		{1196A83F-3774-4339-BBD8-3E372990B5CA}.Release|Any CPU.ActiveCfg = Release|Any CPU
		{1196A83F-3774-4339-BBD8-3E372990B5CA}.Release|Any CPU.Build.0 = Release|Any CPU
		{3393FA8E-1EAA-4161-8A11-83DEF8C7D0CF}.Debug|Any CPU.ActiveCfg = Debug|Any CPU
		{3393FA8E-1EAA-4161-8A11-83DEF8C7D0CF}.Debug|Any CPU.Build.0 = Debug|Any CPU
		{3393FA8E-1EAA-4161-8A11-83DEF8C7D0CF}.Release|Any CPU.ActiveCfg = Release|Any CPU
		{3393FA8E-1EAA-4161-8A11-83DEF8C7D0CF}.Release|Any CPU.Build.0 = Release|Any CPU
	EndGlobalSection
	GlobalSection(SolutionProperties) = preSolution
		HideSolutionNode = FALSE
	EndGlobalSection
	GlobalSection(ExtensibilityGlobals) = postSolution
		SolutionGuid = {4E2041BC-BF43-4E8E-98B9-2AEF1A0C3D7B}
	EndGlobalSection
EndGlobal
